// !$*UTF8*$!
{
	archiveVersion = 1;
	classes = {
	};
	objectVersion = 55;
	objects = {

/* Begin PBXBuildFile section */
		0430839B293344F70066897A /* BaseResponse.swift in Sources */ = {isa = PBXBuildFile; fileRef = 0430839A293344F70066897A /* BaseResponse.swift */; };
		0430839D293344FE0066897A /* Client.swift in Sources */ = {isa = PBXBuildFile; fileRef = 0430839C293344FE0066897A /* Client.swift */; };
		043083A02933466B0066897A /* WeatherModel.swift in Sources */ = {isa = PBXBuildFile; fileRef = 0430839F2933466B0066897A /* WeatherModel.swift */; };
		E1348E5F29333D3600F773B5 /* AppDelegate.swift in Sources */ = {isa = PBXBuildFile; fileRef = E1348E5E29333D3600F773B5 /* AppDelegate.swift */; };
		E1348E6129333D3600F773B5 /* SceneDelegate.swift in Sources */ = {isa = PBXBuildFile; fileRef = E1348E6029333D3600F773B5 /* SceneDelegate.swift */; };
		E1348E6629333D3600F773B5 /* Main.storyboard in Resources */ = {isa = PBXBuildFile; fileRef = E1348E6429333D3600F773B5 /* Main.storyboard */; };
		E1348E6829333D3700F773B5 /* Assets.xcassets in Resources */ = {isa = PBXBuildFile; fileRef = E1348E6729333D3700F773B5 /* Assets.xcassets */; };
		E1348E6B29333D3700F773B5 /* LaunchScreen.storyboard in Resources */ = {isa = PBXBuildFile; fileRef = E1348E6929333D3700F773B5 /* LaunchScreen.storyboard */; };
		E1348E732933418E00F773B5 /* MainVC.swift in Sources */ = {isa = PBXBuildFile; fileRef = E1348E722933418E00F773B5 /* MainVC.swift */; };
		E1348E7E293351C000F773B5 /* WeatherDetailVC.swift in Sources */ = {isa = PBXBuildFile; fileRef = E1348E7D293351C000F773B5 /* WeatherDetailVC.swift */; };
/* End PBXBuildFile section */

/* Begin PBXFileReference section */
		0430839A293344F70066897A /* BaseResponse.swift */ = {isa = PBXFileReference; lastKnownFileType = sourcecode.swift; path = BaseResponse.swift; sourceTree = "<group>"; };
		0430839C293344FE0066897A /* Client.swift */ = {isa = PBXFileReference; lastKnownFileType = sourcecode.swift; path = Client.swift; sourceTree = "<group>"; };
		0430839F2933466B0066897A /* WeatherModel.swift */ = {isa = PBXFileReference; lastKnownFileType = sourcecode.swift; path = WeatherModel.swift; sourceTree = "<group>"; };
		E1348E5B29333D3600F773B5 /* WeatherApp.app */ = {isa = PBXFileReference; explicitFileType = wrapper.application; includeInIndex = 0; path = WeatherApp.app; sourceTree = BUILT_PRODUCTS_DIR; };
		E1348E5E29333D3600F773B5 /* AppDelegate.swift */ = {isa = PBXFileReference; lastKnownFileType = sourcecode.swift; path = AppDelegate.swift; sourceTree = "<group>"; };
		E1348E6029333D3600F773B5 /* SceneDelegate.swift */ = {isa = PBXFileReference; lastKnownFileType = sourcecode.swift; path = SceneDelegate.swift; sourceTree = "<group>"; };
		E1348E6529333D3600F773B5 /* Base */ = {isa = PBXFileReference; lastKnownFileType = file.storyboard; name = Base; path = Base.lproj/Main.storyboard; sourceTree = "<group>"; };
		E1348E6729333D3700F773B5 /* Assets.xcassets */ = {isa = PBXFileReference; lastKnownFileType = folder.assetcatalog; path = Assets.xcassets; sourceTree = "<group>"; };
		E1348E6A29333D3700F773B5 /* Base */ = {isa = PBXFileReference; lastKnownFileType = file.storyboard; name = Base; path = Base.lproj/LaunchScreen.storyboard; sourceTree = "<group>"; };
		E1348E6C29333D3700F773B5 /* Info.plist */ = {isa = PBXFileReference; lastKnownFileType = text.plist.xml; path = Info.plist; sourceTree = "<group>"; };
		E1348E722933418E00F773B5 /* MainVC.swift */ = {isa = PBXFileReference; lastKnownFileType = sourcecode.swift; path = MainVC.swift; sourceTree = "<group>"; };
		E1348E7D293351C000F773B5 /* WeatherDetailVC.swift */ = {isa = PBXFileReference; lastKnownFileType = sourcecode.swift; path = WeatherDetailVC.swift; sourceTree = "<group>"; };
/* End PBXFileReference section */

/* Begin PBXFrameworksBuildPhase section */
		E1348E5829333D3600F773B5 /* Frameworks */ = {
			isa = PBXFrameworksBuildPhase;
			buildActionMask = 2147483647;
			files = (
			);
			runOnlyForDeploymentPostprocessing = 0;
		};
/* End PBXFrameworksBuildPhase section */

/* Begin PBXGroup section */
		04308399293344E80066897A /* Service */ = {
			isa = PBXGroup;
			children = (
				0430839A293344F70066897A /* BaseResponse.swift */,
				0430839C293344FE0066897A /* Client.swift */,
			);
			path = Service;
			sourceTree = "<group>";
		};
		0430839E2933465F0066897A /* Model */ = {
			isa = PBXGroup;
			children = (
				0430839F2933466B0066897A /* WeatherModel.swift */,
			);
			path = Model;
			sourceTree = "<group>";
		};
		E1348E5229333D3600F773B5 = {
			isa = PBXGroup;
			children = (
				E1348E5D29333D3600F773B5 /* WeatherApp */,
				E1348E5C29333D3600F773B5 /* Products */,
			);
			sourceTree = "<group>";
		};
		E1348E5C29333D3600F773B5 /* Products */ = {
			isa = PBXGroup;
			children = (
				E1348E5B29333D3600F773B5 /* WeatherApp.app */,
			);
			name = Products;
			sourceTree = "<group>";
		};
		E1348E5D29333D3600F773B5 /* WeatherApp */ = {
			isa = PBXGroup;
			children = (
				0430839E2933465F0066897A /* Model */,
				04308399293344E80066897A /* Service */,
				E1348E77293343F500F773B5 /* Delegates */,
				E1348E75293343EB00F773B5 /* Modules */,
				E1348E74293343E400F773B5 /* Storyboards */,
				E1348E78293343FD00F773B5 /* Resources */,
				E1348E792933440500F773B5 /* Supports */,
			);
			path = WeatherApp;
			sourceTree = "<group>";
		};
		E1348E74293343E400F773B5 /* Storyboards */ = {
			isa = PBXGroup;
			children = (
				E1348E6429333D3600F773B5 /* Main.storyboard */,
				E1348E6929333D3700F773B5 /* LaunchScreen.storyboard */,
			);
			path = Storyboards;
			sourceTree = "<group>";
		};
		E1348E75293343EB00F773B5 /* Modules */ = {
			isa = PBXGroup;
			children = (
				E1348E76293343F000F773B5 /* Main */,
				E1348E7F293351C400F773B5 /* WeatherDetail */,
			);
			path = Modules;
			sourceTree = "<group>";
		};
		E1348E76293343F000F773B5 /* Main */ = {
			isa = PBXGroup;
			children = (
				E1348E722933418E00F773B5 /* MainVC.swift */,
			);
			path = Main;
			sourceTree = "<group>";
		};
		E1348E77293343F500F773B5 /* Delegates */ = {
			isa = PBXGroup;
			children = (
				E1348E5E29333D3600F773B5 /* AppDelegate.swift */,
				E1348E6029333D3600F773B5 /* SceneDelegate.swift */,
			);
			path = Delegates;
			sourceTree = "<group>";
		};
		E1348E78293343FD00F773B5 /* Resources */ = {
			isa = PBXGroup;
			children = (
				E1348E6729333D3700F773B5 /* Assets.xcassets */,
			);
			path = Resources;
			sourceTree = "<group>";
		};
		E1348E792933440500F773B5 /* Supports */ = {
			isa = PBXGroup;
			children = (
				E1348E6C29333D3700F773B5 /* Info.plist */,
			);
			path = Supports;
			sourceTree = "<group>";
		};
		E1348E7F293351C400F773B5 /* WeatherDetail */ = {
			isa = PBXGroup;
			children = (
				E1348E7D293351C000F773B5 /* WeatherDetailVC.swift */,
			);
			path = WeatherDetail;
			sourceTree = "<group>";
		};
/* End PBXGroup section */

/* Begin PBXNativeTarget section */
		E1348E5A29333D3600F773B5 /* WeatherApp */ = {
			isa = PBXNativeTarget;
			buildConfigurationList = E1348E6F29333D3700F773B5 /* Build configuration list for PBXNativeTarget "WeatherApp" */;
			buildPhases = (
				E1348E5729333D3600F773B5 /* Sources */,
				E1348E5829333D3600F773B5 /* Frameworks */,
				E1348E5929333D3600F773B5 /* Resources */,
			);
			buildRules = (
			);
			dependencies = (
			);
			name = WeatherApp;
			productName = WeatherApp;
			productReference = E1348E5B29333D3600F773B5 /* WeatherApp.app */;
			productType = "com.apple.product-type.application";
		};
/* End PBXNativeTarget section */

/* Begin PBXProject section */
		E1348E5329333D3600F773B5 /* Project object */ = {
			isa = PBXProject;
			attributes = {
				BuildIndependentTargetsInParallel = 1;
				LastSwiftUpdateCheck = 1340;
				LastUpgradeCheck = 1340;
				TargetAttributes = {
					E1348E5A29333D3600F773B5 = {
						CreatedOnToolsVersion = 13.4;
					};
				};
			};
			buildConfigurationList = E1348E5629333D3600F773B5 /* Build configuration list for PBXProject "WeatherApp" */;
			compatibilityVersion = "Xcode 13.0";
			developmentRegion = en;
			hasScannedForEncodings = 0;
			knownRegions = (
				en,
				Base,
			);
			mainGroup = E1348E5229333D3600F773B5;
			productRefGroup = E1348E5C29333D3600F773B5 /* Products */;
			projectDirPath = "";
			projectRoot = "";
			targets = (
				E1348E5A29333D3600F773B5 /* WeatherApp */,
			);
		};
/* End PBXProject section */

/* Begin PBXResourcesBuildPhase section */
		E1348E5929333D3600F773B5 /* Resources */ = {
			isa = PBXResourcesBuildPhase;
			buildActionMask = 2147483647;
			files = (
				E1348E6B29333D3700F773B5 /* LaunchScreen.storyboard in Resources */,
				E1348E6829333D3700F773B5 /* Assets.xcassets in Resources */,
				E1348E6629333D3600F773B5 /* Main.storyboard in Resources */,
			);
			runOnlyForDeploymentPostprocessing = 0;
		};
/* End PBXResourcesBuildPhase section */

/* Begin PBXSourcesBuildPhase section */
		E1348E5729333D3600F773B5 /* Sources */ = {
			isa = PBXSourcesBuildPhase;
			buildActionMask = 2147483647;
			files = (
				E1348E5F29333D3600F773B5 /* AppDelegate.swift in Sources */,
				E1348E732933418E00F773B5 /* MainVC.swift in Sources */,
				E1348E6129333D3600F773B5 /* SceneDelegate.swift in Sources */,
				E1348E7E293351C000F773B5 /* WeatherDetailVC.swift in Sources */,
				0430839D293344FE0066897A /* Client.swift in Sources */,
				043083A02933466B0066897A /* WeatherModel.swift in Sources */,
				0430839B293344F70066897A /* BaseResponse.swift in Sources */,
			);
			runOnlyForDeploymentPostprocessing = 0;
		};
/* End PBXSourcesBuildPhase section */

/* Begin PBXVariantGroup section */
		E1348E6429333D3600F773B5 /* Main.storyboard */ = {
			isa = PBXVariantGroup;
			children = (
				E1348E6529333D3600F773B5 /* Base */,
			);
			name = Main.storyboard;
			sourceTree = "<group>";
		};
		E1348E6929333D3700F773B5 /* LaunchScreen.storyboard */ = {
			isa = PBXVariantGroup;
			children = (
				E1348E6A29333D3700F773B5 /* Base */,
			);
			name = LaunchScreen.storyboard;
			sourceTree = "<group>";
		};
/* End PBXVariantGroup section */

/* Begin XCBuildConfiguration section */
		E1348E6D29333D3700F773B5 /* Debug */ = {
			isa = XCBuildConfiguration;
			buildSettings = {
				ALWAYS_SEARCH_USER_PATHS = NO;
				CLANG_ANALYZER_NONNULL = YES;
				CLANG_ANALYZER_NUMBER_OBJECT_CONVERSION = YES_AGGRESSIVE;
				CLANG_CXX_LANGUAGE_STANDARD = "gnu++17";
				CLANG_ENABLE_MODULES = YES;
				CLANG_ENABLE_OBJC_ARC = YES;
				CLANG_ENABLE_OBJC_WEAK = YES;
				CLANG_WARN_BLOCK_CAPTURE_AUTORELEASING = YES;
				CLANG_WARN_BOOL_CONVERSION = YES;
				CLANG_WARN_COMMA = YES;
				CLANG_WARN_CONSTANT_CONVERSION = YES;
				CLANG_WARN_DEPRECATED_OBJC_IMPLEMENTATIONS = YES;
				CLANG_WARN_DIRECT_OBJC_ISA_USAGE = YES_ERROR;
				CLANG_WARN_DOCUMENTATION_COMMENTS = YES;
				CLANG_WARN_EMPTY_BODY = YES;
				CLANG_WARN_ENUM_CONVERSION = YES;
				CLANG_WARN_INFINITE_RECURSION = YES;
				CLANG_WARN_INT_CONVERSION = YES;
				CLANG_WARN_NON_LITERAL_NULL_CONVERSION = YES;
				CLANG_WARN_OBJC_IMPLICIT_RETAIN_SELF = YES;
				CLANG_WARN_OBJC_LITERAL_CONVERSION = YES;
				CLANG_WARN_OBJC_ROOT_CLASS = YES_ERROR;
				CLANG_WARN_QUOTED_INCLUDE_IN_FRAMEWORK_HEADER = YES;
				CLANG_WARN_RANGE_LOOP_ANALYSIS = YES;
				CLANG_WARN_STRICT_PROTOTYPES = YES;
				CLANG_WARN_SUSPICIOUS_MOVE = YES;
				CLANG_WARN_UNGUARDED_AVAILABILITY = YES_AGGRESSIVE;
				CLANG_WARN_UNREACHABLE_CODE = YES;
				CLANG_WARN__DUPLICATE_METHOD_MATCH = YES;
				COPY_PHASE_STRIP = NO;
				DEBUG_INFORMATION_FORMAT = dwarf;
				ENABLE_STRICT_OBJC_MSGSEND = YES;
				ENABLE_TESTABILITY = YES;
				GCC_C_LANGUAGE_STANDARD = gnu11;
				GCC_DYNAMIC_NO_PIC = NO;
				GCC_NO_COMMON_BLOCKS = YES;
				GCC_OPTIMIZATION_LEVEL = 0;
				GCC_PREPROCESSOR_DEFINITIONS = (
					"DEBUG=1",
					"$(inherited)",
				);
				GCC_WARN_64_TO_32_BIT_CONVERSION = YES;
				GCC_WARN_ABOUT_RETURN_TYPE = YES_ERROR;
				GCC_WARN_UNDECLARED_SELECTOR = YES;
				GCC_WARN_UNINITIALIZED_AUTOS = YES_AGGRESSIVE;
				GCC_WARN_UNUSED_FUNCTION = YES;
				GCC_WARN_UNUSED_VARIABLE = YES;
				IPHONEOS_DEPLOYMENT_TARGET = 15.5;
				MTL_ENABLE_DEBUG_INFO = INCLUDE_SOURCE;
				MTL_FAST_MATH = YES;
				ONLY_ACTIVE_ARCH = YES;
				SDKROOT = iphoneos;
				SWIFT_ACTIVE_COMPILATION_CONDITIONS = DEBUG;
				SWIFT_OPTIMIZATION_LEVEL = "-Onone";
			};
			name = Debug;
		};
		E1348E6E29333D3700F773B5 /* Release */ = {
			isa = XCBuildConfiguration;
			buildSettings = {
				ALWAYS_SEARCH_USER_PATHS = NO;
				CLANG_ANALYZER_NONNULL = YES;
				CLANG_ANALYZER_NUMBER_OBJECT_CONVERSION = YES_AGGRESSIVE;
				CLANG_CXX_LANGUAGE_STANDARD = "gnu++17";
				CLANG_ENABLE_MODULES = YES;
				CLANG_ENABLE_OBJC_ARC = YES;
				CLANG_ENABLE_OBJC_WEAK = YES;
				CLANG_WARN_BLOCK_CAPTURE_AUTORELEASING = YES;
				CLANG_WARN_BOOL_CONVERSION = YES;
				CLANG_WARN_COMMA = YES;
				CLANG_WARN_CONSTANT_CONVERSION = YES;
				CLANG_WARN_DEPRECATED_OBJC_IMPLEMENTATIONS = YES;
				CLANG_WARN_DIRECT_OBJC_ISA_USAGE = YES_ERROR;
				CLANG_WARN_DOCUMENTATION_COMMENTS = YES;
				CLANG_WARN_EMPTY_BODY = YES;
				CLANG_WARN_ENUM_CONVERSION = YES;
				CLANG_WARN_INFINITE_RECURSION = YES;
				CLANG_WARN_INT_CONVERSION = YES;
				CLANG_WARN_NON_LITERAL_NULL_CONVERSION = YES;
				CLANG_WARN_OBJC_IMPLICIT_RETAIN_SELF = YES;
				CLANG_WARN_OBJC_LITERAL_CONVERSION = YES;
				CLANG_WARN_OBJC_ROOT_CLASS = YES_ERROR;
				CLANG_WARN_QUOTED_INCLUDE_IN_FRAMEWORK_HEADER = YES;
				CLANG_WARN_RANGE_LOOP_ANALYSIS = YES;
				CLANG_WARN_STRICT_PROTOTYPES = YES;
				CLANG_WARN_SUSPICIOUS_MOVE = YES;
				CLANG_WARN_UNGUARDED_AVAILABILITY = YES_AGGRESSIVE;
				CLANG_WARN_UNREACHABLE_CODE = YES;
				CLANG_WARN__DUPLICATE_METHOD_MATCH = YES;
				COPY_PHASE_STRIP = NO;
				DEBUG_INFORMATION_FORMAT = "dwarf-with-dsym";
				ENABLE_NS_ASSERTIONS = NO;
				ENABLE_STRICT_OBJC_MSGSEND = YES;
				GCC_C_LANGUAGE_STANDARD = gnu11;
				GCC_NO_COMMON_BLOCKS = YES;
				GCC_WARN_64_TO_32_BIT_CONVERSION = YES;
				GCC_WARN_ABOUT_RETURN_TYPE = YES_ERROR;
				GCC_WARN_UNDECLARED_SELECTOR = YES;
				GCC_WARN_UNINITIALIZED_AUTOS = YES_AGGRESSIVE;
				GCC_WARN_UNUSED_FUNCTION = YES;
				GCC_WARN_UNUSED_VARIABLE = YES;
				IPHONEOS_DEPLOYMENT_TARGET = 15.5;
				MTL_ENABLE_DEBUG_INFO = NO;
				MTL_FAST_MATH = YES;
				SDKROOT = iphoneos;
				SWIFT_COMPILATION_MODE = wholemodule;
				SWIFT_OPTIMIZATION_LEVEL = "-O";
				VALIDATE_PRODUCT = YES;
			};
			name = Release;
		};
		E1348E7029333D3700F773B5 /* Debug */ = {
			isa = XCBuildConfiguration;
			buildSettings = {
				ASSETCATALOG_COMPILER_APPICON_NAME = AppIcon;
				ASSETCATALOG_COMPILER_GLOBAL_ACCENT_COLOR_NAME = AccentColor;
				CODE_SIGN_STYLE = Automatic;
				CURRENT_PROJECT_VERSION = 1;
				DEVELOPMENT_TEAM = 63Y74HYCKH;
				GENERATE_INFOPLIST_FILE = YES;
				INFOPLIST_FILE = WeatherApp/Supports/Info.plist;
				INFOPLIST_KEY_LSApplicationCategoryType = "";
				INFOPLIST_KEY_UIApplicationSupportsIndirectInputEvents = YES;
				INFOPLIST_KEY_UILaunchStoryboardName = LaunchScreen;
				INFOPLIST_KEY_UIMainStoryboardFile = Main;
				INFOPLIST_KEY_UISupportedInterfaceOrientations_iPad = "UIInterfaceOrientationPortrait UIInterfaceOrientationPortraitUpsideDown UIInterfaceOrientationLandscapeLeft UIInterfaceOrientationLandscapeRight";
				INFOPLIST_KEY_UISupportedInterfaceOrientations_iPhone = "UIInterfaceOrientationPortrait UIInterfaceOrientationLandscapeLeft UIInterfaceOrientationLandscapeRight";
				LD_RUNPATH_SEARCH_PATHS = (
					"$(inherited)",
					"@executable_path/Frameworks",
				);
				MARKETING_VERSION = 1.0;
				PRODUCT_BUNDLE_IDENTIFIER = ufukkosker.WeatherApp;
				PRODUCT_NAME = "$(TARGET_NAME)";
				SWIFT_EMIT_LOC_STRINGS = YES;
				SWIFT_VERSION = 5.0;
				TARGETED_DEVICE_FAMILY = "1,2";
			};
			name = Debug;
		};
		E1348E7129333D3700F773B5 /* Release */ = {
			isa = XCBuildConfiguration;
			buildSettings = {
				ASSETCATALOG_COMPILER_APPICON_NAME = AppIcon;
				ASSETCATALOG_COMPILER_GLOBAL_ACCENT_COLOR_NAME = AccentColor;
				CODE_SIGN_STYLE = Automatic;
				CURRENT_PROJECT_VERSION = 1;
				DEVELOPMENT_TEAM = 63Y74HYCKH;
				GENERATE_INFOPLIST_FILE = YES;
				INFOPLIST_FILE = WeatherApp/Supports/Info.plist;
				INFOPLIST_KEY_LSApplicationCategoryType = "";
				INFOPLIST_KEY_UIApplicationSupportsIndirectInputEvents = YES;
				INFOPLIST_KEY_UILaunchStoryboardName = LaunchScreen;
				INFOPLIST_KEY_UIMainStoryboardFile = Main;
				INFOPLIST_KEY_UISupportedInterfaceOrientations_iPad = "UIInterfaceOrientationPortrait UIInterfaceOrientationPortraitUpsideDown UIInterfaceOrientationLandscapeLeft UIInterfaceOrientationLandscapeRight";
				INFOPLIST_KEY_UISupportedInterfaceOrientations_iPhone = "UIInterfaceOrientationPortrait UIInterfaceOrientationLandscapeLeft UIInterfaceOrientationLandscapeRight";
				LD_RUNPATH_SEARCH_PATHS = (
					"$(inherited)",
					"@executable_path/Frameworks",
				);
				MARKETING_VERSION = 1.0;
				PRODUCT_BUNDLE_IDENTIFIER = ufukkosker.WeatherApp;
				PRODUCT_NAME = "$(TARGET_NAME)";
				SWIFT_EMIT_LOC_STRINGS = YES;
				SWIFT_VERSION = 5.0;
				TARGETED_DEVICE_FAMILY = "1,2";
			};
			name = Release;
		};
/* End XCBuildConfiguration section */

/* Begin XCConfigurationList section */
		E1348E5629333D3600F773B5 /* Build configuration list for PBXProject "WeatherApp" */ = {
			isa = XCConfigurationList;
			buildConfigurations = (
				E1348E6D29333D3700F773B5 /* Debug */,
				E1348E6E29333D3700F773B5 /* Release */,
			);
			defaultConfigurationIsVisible = 0;
			defaultConfigurationName = Release;
		};
		E1348E6F29333D3700F773B5 /* Build configuration list for PBXNativeTarget "WeatherApp" */ = {
			isa = XCConfigurationList;
			buildConfigurations = (
				E1348E7029333D3700F773B5 /* Debug */,
				E1348E7129333D3700F773B5 /* Release */,
			);
			defaultConfigurationIsVisible = 0;
			defaultConfigurationName = Release;
		};
/* End XCConfigurationList section */
	};
	rootObject = E1348E5329333D3600F773B5 /* Project object */;
}
